// !$*UTF8*$!
{
	archiveVersion = 1;
	classes = {
	};
	objectVersion = 46;
	objects = {

/* Begin PBXBuildFile section */
		4E7136FD79AC78C66E6B125E /* Pods_Medicus.framework in Frameworks */ = {isa = PBXBuildFile; fileRef = 8322FF58F764987D34DF6655 /* Pods_Medicus.framework */; };
		88AF60B51DA8AE5500F35436 /* AppDelegate.swift in Sources */ = {isa = PBXBuildFile; fileRef = 88AF60B41DA8AE5500F35436 /* AppDelegate.swift */; };
		88AF60B71DA8AE5500F35436 /* ViewController.swift in Sources */ = {isa = PBXBuildFile; fileRef = 88AF60B61DA8AE5500F35436 /* ViewController.swift */; };
		88AF60BA1DA8AE5500F35436 /* Main.storyboard in Resources */ = {isa = PBXBuildFile; fileRef = 88AF60B81DA8AE5500F35436 /* Main.storyboard */; };
		88AF60BC1DA8AE5500F35436 /* Assets.xcassets in Resources */ = {isa = PBXBuildFile; fileRef = 88AF60BB1DA8AE5500F35436 /* Assets.xcassets */; };
		88AF60BF1DA8AE5500F35436 /* LaunchScreen.storyboard in Resources */ = {isa = PBXBuildFile; fileRef = 88AF60BD1DA8AE5500F35436 /* LaunchScreen.storyboard */; };
		88AF60D51DA8DDD500F35436 /* ClarifaiClient.swift in Sources */ = {isa = PBXBuildFile; fileRef = 88AF60D41DA8DDD500F35436 /* ClarifaiClient.swift */; };
		88AF60D71DA8E7E500F35436 /* GoogleService-Info.plist in Resources */ = {isa = PBXBuildFile; fileRef = 88AF60D61DA8E7E500F35436 /* GoogleService-Info.plist */; };
		88AF60DB1DA95B0300F35436 /* CustomModels.swift in Sources */ = {isa = PBXBuildFile; fileRef = 88AF60DA1DA95B0300F35436 /* CustomModels.swift */; };
		88AF60DD1DA9985C00F35436 /* CameraController.swift in Sources */ = {isa = PBXBuildFile; fileRef = 88AF60DC1DA9985C00F35436 /* CameraController.swift */; };
		88AF60DF1DA9C02E00F35436 /* ReportController.swift in Sources */ = {isa = PBXBuildFile; fileRef = 88AF60DE1DA9C02E00F35436 /* ReportController.swift */; };
/* End PBXBuildFile section */

/* Begin PBXFileReference section */
		1A31AB35549717B8293BB620 /* Pods-Medicus.debug.xcconfig */ = {isa = PBXFileReference; includeInIndex = 1; lastKnownFileType = text.xcconfig; name = "Pods-Medicus.debug.xcconfig"; path = "Pods/Target Support Files/Pods-Medicus/Pods-Medicus.debug.xcconfig"; sourceTree = "<group>"; };
		8322FF58F764987D34DF6655 /* Pods_Medicus.framework */ = {isa = PBXFileReference; explicitFileType = wrapper.framework; includeInIndex = 0; path = Pods_Medicus.framework; sourceTree = BUILT_PRODUCTS_DIR; };
		88AF60B11DA8AE5500F35436 /* Medicus.app */ = {isa = PBXFileReference; explicitFileType = wrapper.application; includeInIndex = 0; path = Medicus.app; sourceTree = BUILT_PRODUCTS_DIR; };
		88AF60B41DA8AE5500F35436 /* AppDelegate.swift */ = {isa = PBXFileReference; lastKnownFileType = sourcecode.swift; path = AppDelegate.swift; sourceTree = "<group>"; };
		88AF60B61DA8AE5500F35436 /* ViewController.swift */ = {isa = PBXFileReference; lastKnownFileType = sourcecode.swift; path = ViewController.swift; sourceTree = "<group>"; };
		88AF60B91DA8AE5500F35436 /* Base */ = {isa = PBXFileReference; lastKnownFileType = file.storyboard; name = Base; path = Base.lproj/Main.storyboard; sourceTree = "<group>"; };
		88AF60BB1DA8AE5500F35436 /* Assets.xcassets */ = {isa = PBXFileReference; lastKnownFileType = folder.assetcatalog; path = Assets.xcassets; sourceTree = "<group>"; };
		88AF60BE1DA8AE5500F35436 /* Base */ = {isa = PBXFileReference; lastKnownFileType = file.storyboard; name = Base; path = Base.lproj/LaunchScreen.storyboard; sourceTree = "<group>"; };
		88AF60C01DA8AE5500F35436 /* Info.plist */ = {isa = PBXFileReference; lastKnownFileType = text.plist.xml; path = Info.plist; sourceTree = "<group>"; };
		88AF60CB1DA8C24300F35436 /* MedicusPlayground.playground */ = {isa = PBXFileReference; lastKnownFileType = file.playground; name = MedicusPlayground.playground; path = ../MedicusPlayground.playground; sourceTree = "<group>"; };
		88AF60CE1DA8C7E300F35436 /* Medicus-Bridging-Header.h */ = {isa = PBXFileReference; lastKnownFileType = sourcecode.c.h; path = "Medicus-Bridging-Header.h"; sourceTree = SOURCE_ROOT; };
		88AF60D41DA8DDD500F35436 /* ClarifaiClient.swift */ = {isa = PBXFileReference; fileEncoding = 4; lastKnownFileType = sourcecode.swift; path = ClarifaiClient.swift; sourceTree = "<group>"; };
		88AF60D61DA8E7E500F35436 /* GoogleService-Info.plist */ = {isa = PBXFileReference; fileEncoding = 4; lastKnownFileType = text.plist.xml; path = "GoogleService-Info.plist"; sourceTree = SOURCE_ROOT; };
		88AF60DA1DA95B0300F35436 /* CustomModels.swift */ = {isa = PBXFileReference; fileEncoding = 4; lastKnownFileType = sourcecode.swift; path = CustomModels.swift; sourceTree = "<group>"; };
		88AF60DC1DA9985C00F35436 /* CameraController.swift */ = {isa = PBXFileReference; fileEncoding = 4; lastKnownFileType = sourcecode.swift; path = CameraController.swift; sourceTree = "<group>"; };
		88AF60DE1DA9C02E00F35436 /* ReportController.swift */ = {isa = PBXFileReference; fileEncoding = 4; lastKnownFileType = sourcecode.swift; path = ReportController.swift; sourceTree = "<group>"; };
		E945A51CA34E94500184F694 /* Pods-Medicus.release.xcconfig */ = {isa = PBXFileReference; includeInIndex = 1; lastKnownFileType = text.xcconfig; name = "Pods-Medicus.release.xcconfig"; path = "Pods/Target Support Files/Pods-Medicus/Pods-Medicus.release.xcconfig"; sourceTree = "<group>"; };
/* End PBXFileReference section */

/* Begin PBXFrameworksBuildPhase section */
		88AF60AE1DA8AE5500F35436 /* Frameworks */ = {
			isa = PBXFrameworksBuildPhase;
			buildActionMask = 2147483647;
			files = (
				4E7136FD79AC78C66E6B125E /* Pods_Medicus.framework in Frameworks */,
			);
			runOnlyForDeploymentPostprocessing = 0;
		};
/* End PBXFrameworksBuildPhase section */

/* Begin PBXGroup section */
		4D3596B1E513768EE2B0ABCE /* Pods */ = {
			isa = PBXGroup;
			children = (
				1A31AB35549717B8293BB620 /* Pods-Medicus.debug.xcconfig */,
				E945A51CA34E94500184F694 /* Pods-Medicus.release.xcconfig */,
			);
			name = Pods;
			sourceTree = "<group>";
		};
		88AF60A81DA8AE5500F35436 = {
			isa = PBXGroup;
			children = (
				88AF60B31DA8AE5500F35436 /* Medicus */,
				88AF60B21DA8AE5500F35436 /* Products */,
				4D3596B1E513768EE2B0ABCE /* Pods */,
				B6EC39ED313A728B9FEAE327 /* Frameworks */,
			);
			sourceTree = "<group>";
		};
		88AF60B21DA8AE5500F35436 /* Products */ = {
			isa = PBXGroup;
			children = (
				88AF60B11DA8AE5500F35436 /* Medicus.app */,
			);
			name = Products;
			sourceTree = "<group>";
		};
		88AF60B31DA8AE5500F35436 /* Medicus */ = {
			isa = PBXGroup;
			children = (
				88AF60CE1DA8C7E300F35436 /* Medicus-Bridging-Header.h */,
				88AF60CB1DA8C24300F35436 /* MedicusPlayground.playground */,
				88AF60B41DA8AE5500F35436 /* AppDelegate.swift */,
				88AF60B61DA8AE5500F35436 /* ViewController.swift */,
				88AF60D41DA8DDD500F35436 /* ClarifaiClient.swift */,
				88AF60DA1DA95B0300F35436 /* CustomModels.swift */,
				88AF60B81DA8AE5500F35436 /* Main.storyboard */,
				88AF60DE1DA9C02E00F35436 /* ReportController.swift */,
				88AF60DC1DA9985C00F35436 /* CameraController.swift */,
				88AF60BB1DA8AE5500F35436 /* Assets.xcassets */,
				88AF60BD1DA8AE5500F35436 /* LaunchScreen.storyboard */,
				88AF60C01DA8AE5500F35436 /* Info.plist */,
				88AF60D61DA8E7E500F35436 /* GoogleService-Info.plist */,
			);
			path = Medicus;
			sourceTree = "<group>";
		};
		B6EC39ED313A728B9FEAE327 /* Frameworks */ = {
			isa = PBXGroup;
			children = (
				8322FF58F764987D34DF6655 /* Pods_Medicus.framework */,
			);
			name = Frameworks;
			sourceTree = "<group>";
		};
/* End PBXGroup section */

/* Begin PBXNativeTarget section */
		88AF60B01DA8AE5500F35436 /* Medicus */ = {
			isa = PBXNativeTarget;
			buildConfigurationList = 88AF60C31DA8AE5500F35436 /* Build configuration list for PBXNativeTarget "Medicus" */;
			buildPhases = (
				29EE8856A9C8056A2FA7C00A /* [CP] Check Pods Manifest.lock */,
				88AF60AD1DA8AE5500F35436 /* Sources */,
				88AF60AE1DA8AE5500F35436 /* Frameworks */,
				88AF60AF1DA8AE5500F35436 /* Resources */,
				B74FCA13A6581ADC425EDDE3 /* [CP] Embed Pods Frameworks */,
				2DE454F1E20B1D70C1D9B532 /* [CP] Copy Pods Resources */,
			);
			buildRules = (
			);
			dependencies = (
			);
			name = Medicus;
			productName = Medicus;
			productReference = 88AF60B11DA8AE5500F35436 /* Medicus.app */;
			productType = "com.apple.product-type.application";
		};
/* End PBXNativeTarget section */

/* Begin PBXProject section */
		88AF60A91DA8AE5500F35436 /* Project object */ = {
			isa = PBXProject;
			attributes = {
				LastSwiftUpdateCheck = 0800;
				LastUpgradeCheck = 0800;
				ORGANIZATIONNAME = VJRE;
				TargetAttributes = {
					88AF60B01DA8AE5500F35436 = {
						CreatedOnToolsVersion = 8.0;
						DevelopmentTeam = W2P5R7TX5B;
						ProvisioningStyle = Automatic;
					};
				};
			};
			buildConfigurationList = 88AF60AC1DA8AE5500F35436 /* Build configuration list for PBXProject "Medicus" */;
			compatibilityVersion = "Xcode 3.2";
			developmentRegion = English;
			hasScannedForEncodings = 0;
			knownRegions = (
				en,
				Base,
			);
			mainGroup = 88AF60A81DA8AE5500F35436;
			productRefGroup = 88AF60B21DA8AE5500F35436 /* Products */;
			projectDirPath = "";
			projectRoot = "";
			targets = (
				88AF60B01DA8AE5500F35436 /* Medicus */,
			);
		};
/* End PBXProject section */

/* Begin PBXResourcesBuildPhase section */
		88AF60AF1DA8AE5500F35436 /* Resources */ = {
			isa = PBXResourcesBuildPhase;
			buildActionMask = 2147483647;
			files = (
				88AF60BF1DA8AE5500F35436 /* LaunchScreen.storyboard in Resources */,
				88AF60D71DA8E7E500F35436 /* GoogleService-Info.plist in Resources */,
				88AF60BC1DA8AE5500F35436 /* Assets.xcassets in Resources */,
				88AF60BA1DA8AE5500F35436 /* Main.storyboard in Resources */,
			);
			runOnlyForDeploymentPostprocessing = 0;
		};
/* End PBXResourcesBuildPhase section */

/* Begin PBXShellScriptBuildPhase section */
		29EE8856A9C8056A2FA7C00A /* [CP] Check Pods Manifest.lock */ = {
			isa = PBXShellScriptBuildPhase;
			buildActionMask = 2147483647;
			files = (
			);
			inputPaths = (
			);
			name = "[CP] Check Pods Manifest.lock";
			outputPaths = (
			);
			runOnlyForDeploymentPostprocessing = 0;
			shellPath = /bin/sh;
			shellScript = "diff \"${PODS_ROOT}/../Podfile.lock\" \"${PODS_ROOT}/Manifest.lock\" > /dev/null\nif [[ $? != 0 ]] ; then\n    cat << EOM\nerror: The sandbox is not in sync with the Podfile.lock. Run 'pod install' or update your CocoaPods installation.\nEOM\n    exit 1\nfi\n";
			showEnvVarsInLog = 0;
		};
		2DE454F1E20B1D70C1D9B532 /* [CP] Copy Pods Resources */ = {
			isa = PBXShellScriptBuildPhase;
			buildActionMask = 2147483647;
			files = (
			);
			inputPaths = (
			);
			name = "[CP] Copy Pods Resources";
			outputPaths = (
			);
			runOnlyForDeploymentPostprocessing = 0;
			shellPath = /bin/sh;
			shellScript = "\"${SRCROOT}/Pods/Target Support Files/Pods-Medicus/Pods-Medicus-resources.sh\"\n";
			showEnvVarsInLog = 0;
		};
		B74FCA13A6581ADC425EDDE3 /* [CP] Embed Pods Frameworks */ = {
			isa = PBXShellScriptBuildPhase;
			buildActionMask = 2147483647;
			files = (
			);
			inputPaths = (
			);
			name = "[CP] Embed Pods Frameworks";
			outputPaths = (
			);
			runOnlyForDeploymentPostprocessing = 0;
			shellPath = /bin/sh;
			shellScript = "\"${SRCROOT}/Pods/Target Support Files/Pods-Medicus/Pods-Medicus-frameworks.sh\"\n";
			showEnvVarsInLog = 0;
		};
/* End PBXShellScriptBuildPhase section */

/* Begin PBXSourcesBuildPhase section */
		88AF60AD1DA8AE5500F35436 /* Sources */ = {
			isa = PBXSourcesBuildPhase;
			buildActionMask = 2147483647;
			files = (
				88AF60B71DA8AE5500F35436 /* ViewController.swift in Sources */,
				88AF60D51DA8DDD500F35436 /* ClarifaiClient.swift in Sources */,
				88AF60DB1DA95B0300F35436 /* CustomModels.swift in Sources */,
				88AF60B51DA8AE5500F35436 /* AppDelegate.swift in Sources */,
				88AF60DD1DA9985C00F35436 /* CameraController.swift in Sources */,
				88AF60DF1DA9C02E00F35436 /* ReportController.swift in Sources */,
			);
			runOnlyForDeploymentPostprocessing = 0;
		};
/* End PBXSourcesBuildPhase section */

/* Begin PBXVariantGroup section */
		88AF60B81DA8AE5500F35436 /* Main.storyboard */ = {
			isa = PBXVariantGroup;
			children = (
				88AF60B91DA8AE5500F35436 /* Base */,
			);
			name = Main.storyboard;
			sourceTree = "<group>";
		};
		88AF60BD1DA8AE5500F35436 /* LaunchScreen.storyboard */ = {
			isa = PBXVariantGroup;
			children = (
				88AF60BE1DA8AE5500F35436 /* Base */,
			);
			name = LaunchScreen.storyboard;
			sourceTree = "<group>";
		};
/* End PBXVariantGroup section */

/* Begin XCBuildConfiguration section */
		88AF60C11DA8AE5500F35436 /* Debug */ = {
			isa = XCBuildConfiguration;
			buildSettings = {
				ALWAYS_SEARCH_USER_PATHS = NO;
				CLANG_ANALYZER_NONNULL = YES;
				CLANG_CXX_LANGUAGE_STANDARD = "gnu++0x";
				CLANG_CXX_LIBRARY = "libc++";
				CLANG_ENABLE_MODULES = YES;
				CLANG_ENABLE_OBJC_ARC = YES;
				CLANG_WARN_BOOL_CONVERSION = YES;
				CLANG_WARN_CONSTANT_CONVERSION = YES;
				CLANG_WARN_DIRECT_OBJC_ISA_USAGE = YES_ERROR;
				CLANG_WARN_DOCUMENTATION_COMMENTS = YES;
				CLANG_WARN_EMPTY_BODY = YES;
				CLANG_WARN_ENUM_CONVERSION = YES;
				CLANG_WARN_INFINITE_RECURSION = YES;
				CLANG_WARN_INT_CONVERSION = YES;
				CLANG_WARN_OBJC_ROOT_CLASS = YES_ERROR;
				CLANG_WARN_SUSPICIOUS_MOVE = YES;
				CLANG_WARN_SUSPICIOUS_MOVES = YES;
				CLANG_WARN_UNREACHABLE_CODE = YES;
				CLANG_WARN__DUPLICATE_METHOD_MATCH = YES;
				"CODE_SIGN_IDENTITY[sdk=iphoneos*]" = "iPhone Developer";
				COPY_PHASE_STRIP = NO;
				DEBUG_INFORMATION_FORMAT = dwarf;
				ENABLE_STRICT_OBJC_MSGSEND = YES;
				ENABLE_TESTABILITY = YES;
				GCC_C_LANGUAGE_STANDARD = gnu99;
				GCC_DYNAMIC_NO_PIC = NO;
				GCC_NO_COMMON_BLOCKS = YES;
				GCC_OPTIMIZATION_LEVEL = 0;
				GCC_PREPROCESSOR_DEFINITIONS = (
					"DEBUG=1",
					"$(inherited)",
				);
				GCC_WARN_64_TO_32_BIT_CONVERSION = YES;
				GCC_WARN_ABOUT_RETURN_TYPE = YES_ERROR;
				GCC_WARN_UNDECLARED_SELECTOR = YES;
				GCC_WARN_UNINITIALIZED_AUTOS = YES_AGGRESSIVE;
				GCC_WARN_UNUSED_FUNCTION = YES;
				GCC_WARN_UNUSED_VARIABLE = YES;
				IPHONEOS_DEPLOYMENT_TARGET = 10.0;
				MTL_ENABLE_DEBUG_INFO = YES;
				ONLY_ACTIVE_ARCH = YES;
				SDKROOT = iphoneos;
				SWIFT_ACTIVE_COMPILATION_CONDITIONS = DEBUG;
				SWIFT_OPTIMIZATION_LEVEL = "-Onone";
			};
			name = Debug;
		};
		88AF60C21DA8AE5500F35436 /* Release */ = {
			isa = XCBuildConfiguration;
			buildSettings = {
				ALWAYS_SEARCH_USER_PATHS = NO;
				CLANG_ANALYZER_NONNULL = YES;
				CLANG_CXX_LANGUAGE_STANDARD = "gnu++0x";
				CLANG_CXX_LIBRARY = "libc++";
				CLANG_ENABLE_MODULES = YES;
				CLANG_ENABLE_OBJC_ARC = YES;
				CLANG_WARN_BOOL_CONVERSION = YES;
				CLANG_WARN_CONSTANT_CONVERSION = YES;
				CLANG_WARN_DIRECT_OBJC_ISA_USAGE = YES_ERROR;
				CLANG_WARN_DOCUMENTATION_COMMENTS = YES;
				CLANG_WARN_EMPTY_BODY = YES;
				CLANG_WARN_ENUM_CONVERSION = YES;
				CLANG_WARN_INFINITE_RECURSION = YES;
				CLANG_WARN_INT_CONVERSION = YES;
				CLANG_WARN_OBJC_ROOT_CLASS = YES_ERROR;
				CLANG_WARN_SUSPICIOUS_MOVE = YES;
				CLANG_WARN_SUSPICIOUS_MOVES = YES;
				CLANG_WARN_UNREACHABLE_CODE = YES;
				CLANG_WARN__DUPLICATE_METHOD_MATCH = YES;
				"CODE_SIGN_IDENTITY[sdk=iphoneos*]" = "iPhone Developer";
				COPY_PHASE_STRIP = NO;
				DEBUG_INFORMATION_FORMAT = "dwarf-with-dsym";
				ENABLE_NS_ASSERTIONS = NO;
				ENABLE_STRICT_OBJC_MSGSEND = YES;
				GCC_C_LANGUAGE_STANDARD = gnu99;
				GCC_NO_COMMON_BLOCKS = YES;
				GCC_WARN_64_TO_32_BIT_CONVERSION = YES;
				GCC_WARN_ABOUT_RETURN_TYPE = YES_ERROR;
				GCC_WARN_UNDECLARED_SELECTOR = YES;
				GCC_WARN_UNINITIALIZED_AUTOS = YES_AGGRESSIVE;
				GCC_WARN_UNUSED_FUNCTION = YES;
				GCC_WARN_UNUSED_VARIABLE = YES;
				IPHONEOS_DEPLOYMENT_TARGET = 10.0;
				MTL_ENABLE_DEBUG_INFO = NO;
				SDKROOT = iphoneos;
				SWIFT_OPTIMIZATION_LEVEL = "-Owholemodule";
				VALIDATE_PRODUCT = YES;
			};
			name = Release;
		};
		88AF60C41DA8AE5500F35436 /* Debug */ = {
			isa = XCBuildConfiguration;
			baseConfigurationReference = 1A31AB35549717B8293BB620 /* Pods-Medicus.debug.xcconfig */;
			buildSettings = {
				ASSETCATALOG_COMPILER_APPICON_NAME = AppIcon;
				DEVELOPMENT_TEAM = W2P5R7TX5B;
				INFOPLIST_FILE = Medicus/Info.plist;
				LD_RUNPATH_SEARCH_PATHS = "$(inherited) @executable_path/Frameworks";
				PRODUCT_BUNDLE_IDENTIFIER = com.vjre.Medicus;
				PRODUCT_NAME = "$(TARGET_NAME)";
				SWIFT_OBJC_BRIDGING_HEADER = "Medicus-Bridging-Header.h";
				SWIFT_VERSION = 3.0;
			};
			name = Debug;
		};
		88AF60C51DA8AE5500F35436 /* Release */ = {
			isa = XCBuildConfiguration;
			baseConfigurationReference = E945A51CA34E94500184F694 /* Pods-Medicus.release.xcconfig */;
			buildSettings = {
				ASSETCATALOG_COMPILER_APPICON_NAME = AppIcon;
				DEVELOPMENT_TEAM = W2P5R7TX5B;
				INFOPLIST_FILE = Medicus/Info.plist;
				LD_RUNPATH_SEARCH_PATHS = "$(inherited) @executable_path/Frameworks";
				PRODUCT_BUNDLE_IDENTIFIER = com.vjre.Medicus;
				PRODUCT_NAME = "$(TARGET_NAME)";
				SWIFT_OBJC_BRIDGING_HEADER = "Medicus-Bridging-Header.h";
				SWIFT_VERSION = 3.0;
			};
			name = Release;
		};
/* End XCBuildConfiguration section */

/* Begin XCConfigurationList section */
		88AF60AC1DA8AE5500F35436 /* Build configuration list for PBXProject "Medicus" */ = {
			isa = XCConfigurationList;
			buildConfigurations = (
				88AF60C11DA8AE5500F35436 /* Debug */,
				88AF60C21DA8AE5500F35436 /* Release */,
			);
			defaultConfigurationIsVisible = 0;
			defaultConfigurationName = Release;
		};
		88AF60C31DA8AE5500F35436 /* Build configuration list for PBXNativeTarget "Medicus" */ = {
			isa = XCConfigurationList;
			buildConfigurations = (
				88AF60C41DA8AE5500F35436 /* Debug */,
				88AF60C51DA8AE5500F35436 /* Release */,
			);
			defaultConfigurationIsVisible = 0;
			defaultConfigurationName = Release;
		};
/* End XCConfigurationList section */
	};
	rootObject = 88AF60A91DA8AE5500F35436 /* Project object */;
}
